
Microsoft Visual Studio Solution File, Format Version 12.00
# Visual Studio Version 16
VisualStudioVersion = 16.0.31515.178
MinimumVisualStudioVersion = 10.0.40219.1
Project("{9A19103F-16F7-4668-BE54-9A1E7A4F7556}") = "Norav.HRM.Client.WPF", "Norav.HRM.Client.WPF\Norav.HRM.Client.WPF.csproj", "{8FA5F780-81D2-4F5E-BE7C-A1471D3B4AD7}"
EndProject
Project("{2150E333-8FDC-42A3-9474-1A3956D46DE8}") = "Resources", "Resources", "{C24A25EA-26DF-41A7-A0FF-B36C0241471B}"
	ProjectSection(SolutionItems) = preProject
		Tests.resources\ECG.data.csv = Tests.resources\ECG.data.csv
	EndProjectSection
EndProject
Global
	GlobalSection(SolutionConfigurationPlatforms) = preSolution
		Debug|Any CPU = Debug|Any CPU
		Release|Any CPU = Release|Any CPU
	EndGlobalSection
	GlobalSection(ProjectConfigurationPlatforms) = postSolution
		{8FA5F780-81D2-4F5E-BE7C-A1471D3B4AD7}.Debug|Any CPU.ActiveCfg = Debug|Any CPU
		{8FA5F780-81D2-4F5E-BE7C-A1471D3B4AD7}.Debug|Any CPU.Build.0 = Debug|Any CPU
		{8FA5F780-81D2-4F5E-BE7C-A1471D3B4AD7}.Release|Any CPU.ActiveCfg = Release|Any CPU
		{8FA5F780-81D2-4F5E-BE7C-A1471D3B4AD7}.Release|Any CPU.Build.0 = Release|Any CPU
	EndGlobalSection
	GlobalSection(SolutionProperties) = preSolution
		HideSolutionNode = FALSE
	EndGlobalSection
	GlobalSection(ExtensibilityGlobals) = postSolution
		SolutionGuid = {FB6343B5-203E-44FB-97FD-D25E93E6F5E6}
	EndGlobalSection
EndGlobal
